
Microsoft Visual Studio Solution File, Format Version 12.00
# Visual Studio Version 16
VisualStudioVersion = 16.0.31313.79
MinimumVisualStudioVersion = 10.0.40219.1
Project("{FAE04EC0-301F-11D3-BF4B-00C04F79EFBC}") = "MyMDb", "MyMDb\MyMDb.csproj", "{45DF9515-4C3C-4DED-8E56-0F3705951946}"
EndProject
Global
	GlobalSection(SolutionConfigurationPlatforms) = preSolution
		Debug|Any CPU = Debug|Any CPU
		Release|Any CPU = Release|Any CPU
	EndGlobalSection
	GlobalSection(ProjectConfigurationPlatforms) = postSolution
		{45DF9515-4C3C-4DED-8E56-0F3705951946}.Debug|Any CPU.ActiveCfg = Debug|Any CPU
		{45DF9515-4C3C-4DED-8E56-0F3705951946}.Debug|Any CPU.Build.0 = Debug|Any CPU
		{45DF9515-4C3C-4DED-8E56-0F3705951946}.Release|Any CPU.ActiveCfg = Release|Any CPU
		{45DF9515-4C3C-4DED-8E56-0F3705951946}.Release|Any CPU.Build.0 = Release|Any CPU
	EndGlobalSection
	GlobalSection(SolutionProperties) = preSolution
		HideSolutionNode = FALSE
	EndGlobalSection
	GlobalSection(ExtensibilityGlobals) = postSolution
		SolutionGuid = {77B5C522-26D0-4E4A-A369-0B70A15D737D}
	EndGlobalSection
EndGlobal
